
Microsoft Visual Studio Solution File, Format Version 12.00
# Visual Studio 15
VisualStudioVersion = 15.0.28010.2036
MinimumVisualStudioVersion = 10.0.40219.1
Project("{FAE04EC0-301F-11D3-BF4B-00C04F79EFBC}") = "HomeWork03", "HomeWork03\HomeWork03.csproj", "{4467BC00-A79C-4B90-AE0A-52221395D359}"
EndProject
Project("{FAE04EC0-301F-11D3-BF4B-00C04F79EFBC}") = "CalcUnitTests", "..\CalcUnitTests\CalcUnitTests.csproj", "{509B66D2-7A29-4272-8B49-C996DDD64D95}"
EndProject
Global
	GlobalSection(SolutionConfigurationPlatforms) = preSolution
		Debug|Any CPU = Debug|Any CPU
		Release|Any CPU = Release|Any CPU
	EndGlobalSection
	GlobalSection(ProjectConfigurationPlatforms) = postSolution
		{4467BC00-A79C-4B90-AE0A-52221395D359}.Debug|Any CPU.ActiveCfg = Debug|Any CPU
		{4467BC00-A79C-4B90-AE0A-52221395D359}.Debug|Any CPU.Build.0 = Debug|Any CPU
		{4467BC00-A79C-4B90-AE0A-52221395D359}.Release|Any CPU.ActiveCfg = Release|Any CPU
		{4467BC00-A79C-4B90-AE0A-52221395D359}.Release|Any CPU.Build.0 = Release|Any CPU
		{509B66D2-7A29-4272-8B49-C996DDD64D95}.Debug|Any CPU.ActiveCfg = Debug|Any CPU
		{509B66D2-7A29-4272-8B49-C996DDD64D95}.Debug|Any CPU.Build.0 = Debug|Any CPU
		{509B66D2-7A29-4272-8B49-C996DDD64D95}.Release|Any CPU.ActiveCfg = Release|Any CPU
		{509B66D2-7A29-4272-8B49-C996DDD64D95}.Release|Any CPU.Build.0 = Release|Any CPU
	EndGlobalSection
	GlobalSection(SolutionProperties) = preSolution
		HideSolutionNode = FALSE
	EndGlobalSection
	GlobalSection(ExtensibilityGlobals) = postSolution
		SolutionGuid = {94E8AB99-A9BF-43E2-A28B-BD51A4F2689E}
	EndGlobalSection
EndGlobal
