
Microsoft Visual Studio Solution File, Format Version 12.00
# Visual Studio 15
VisualStudioVersion = 15.0.28010.2036
MinimumVisualStudioVersion = 10.0.40219.1
Project("{9A19103F-16F7-4668-BE54-9A1E7A4F7556}") = "HomeWork04", "HomeWork04\HomeWork04.csproj", "{7728FD60-2327-4C6A-A295-17F439642D51}"
EndProject
Project("{9A19103F-16F7-4668-BE54-9A1E7A4F7556}") = "EmpLibrary", "EmpLibrary\EmpLibrary.csproj", "{EABDFD83-0137-494F-B9FB-54C2EABFBEDD}"
EndProject
Global
	GlobalSection(SolutionConfigurationPlatforms) = preSolution
		Debug|Any CPU = Debug|Any CPU
		Release|Any CPU = Release|Any CPU
	EndGlobalSection
	GlobalSection(ProjectConfigurationPlatforms) = postSolution
		{7728FD60-2327-4C6A-A295-17F439642D51}.Debug|Any CPU.ActiveCfg = Debug|Any CPU
		{7728FD60-2327-4C6A-A295-17F439642D51}.Debug|Any CPU.Build.0 = Debug|Any CPU
		{7728FD60-2327-4C6A-A295-17F439642D51}.Release|Any CPU.ActiveCfg = Release|Any CPU
		{7728FD60-2327-4C6A-A295-17F439642D51}.Release|Any CPU.Build.0 = Release|Any CPU
		{EABDFD83-0137-494F-B9FB-54C2EABFBEDD}.Debug|Any CPU.ActiveCfg = Debug|Any CPU
		{EABDFD83-0137-494F-B9FB-54C2EABFBEDD}.Debug|Any CPU.Build.0 = Debug|Any CPU
		{EABDFD83-0137-494F-B9FB-54C2EABFBEDD}.Release|Any CPU.ActiveCfg = Release|Any CPU
		{EABDFD83-0137-494F-B9FB-54C2EABFBEDD}.Release|Any CPU.Build.0 = Release|Any CPU
	EndGlobalSection
	GlobalSection(SolutionProperties) = preSolution
		HideSolutionNode = FALSE
	EndGlobalSection
	GlobalSection(ExtensibilityGlobals) = postSolution
		SolutionGuid = {71B9B9E9-592F-4111-A8E9-6B94B5288E51}
	EndGlobalSection
EndGlobal
